// !$*UTF8*$!
{
	archiveVersion = 1;
	classes = {
	};
	objectVersion = 56;
	objects = {

/* Begin PBXBuildFile section */
		C80D19BF2A40CC0500B24ABC /* AppDelegate.swift in Sources */ = {isa = PBXBuildFile; fileRef = C80D19BE2A40CC0500B24ABC /* AppDelegate.swift */; };
		C80D19C12A40CC0500B24ABC /* SceneDelegate.swift in Sources */ = {isa = PBXBuildFile; fileRef = C80D19C02A40CC0500B24ABC /* SceneDelegate.swift */; };
		C80D19C32A40CC0500B24ABC /* ViewController.swift in Sources */ = {isa = PBXBuildFile; fileRef = C80D19C22A40CC0500B24ABC /* ViewController.swift */; };
		C80D19C62A40CC0500B24ABC /* Main.storyboard in Resources */ = {isa = PBXBuildFile; fileRef = C80D19C42A40CC0500B24ABC /* Main.storyboard */; };
		C80D19C82A40CC0700B24ABC /* Assets.xcassets in Resources */ = {isa = PBXBuildFile; fileRef = C80D19C72A40CC0700B24ABC /* Assets.xcassets */; };
		C80D19CB2A40CC0700B24ABC /* LaunchScreen.storyboard in Resources */ = {isa = PBXBuildFile; fileRef = C80D19C92A40CC0700B24ABC /* LaunchScreen.storyboard */; };
		C80D19D32A40DD0200B24ABC /* Book.swift in Sources */ = {isa = PBXBuildFile; fileRef = C80D19D22A40DD0200B24ABC /* Book.swift */; };
		C80D19D82A40FEB900B24ABC /* BookTestCollCellCollectionViewCell.swift in Sources */ = {isa = PBXBuildFile; fileRef = C80D19D62A40FEB900B24ABC /* BookTestCollCellCollectionViewCell.swift */; };
		C80D19D92A40FEB900B24ABC /* BookTestCollCellCollectionViewCell.xib in Resources */ = {isa = PBXBuildFile; fileRef = C80D19D72A40FEB900B24ABC /* BookTestCollCellCollectionViewCell.xib */; };
/* End PBXBuildFile section */

/* Begin PBXFileReference section */
		C80D19BB2A40CC0500B24ABC /* ExamenDemo.app */ = {isa = PBXFileReference; explicitFileType = wrapper.application; includeInIndex = 0; path = ExamenDemo.app; sourceTree = BUILT_PRODUCTS_DIR; };
		C80D19BE2A40CC0500B24ABC /* AppDelegate.swift */ = {isa = PBXFileReference; lastKnownFileType = sourcecode.swift; path = AppDelegate.swift; sourceTree = "<group>"; };
		C80D19C02A40CC0500B24ABC /* SceneDelegate.swift */ = {isa = PBXFileReference; lastKnownFileType = sourcecode.swift; path = SceneDelegate.swift; sourceTree = "<group>"; };
		C80D19C22A40CC0500B24ABC /* ViewController.swift */ = {isa = PBXFileReference; lastKnownFileType = sourcecode.swift; path = ViewController.swift; sourceTree = "<group>"; };
		C80D19C52A40CC0500B24ABC /* Base */ = {isa = PBXFileReference; lastKnownFileType = file.storyboard; name = Base; path = Base.lproj/Main.storyboard; sourceTree = "<group>"; };
		C80D19C72A40CC0700B24ABC /* Assets.xcassets */ = {isa = PBXFileReference; lastKnownFileType = folder.assetcatalog; path = Assets.xcassets; sourceTree = "<group>"; };
		C80D19CA2A40CC0700B24ABC /* Base */ = {isa = PBXFileReference; lastKnownFileType = file.storyboard; name = Base; path = Base.lproj/LaunchScreen.storyboard; sourceTree = "<group>"; };
		C80D19CC2A40CC0700B24ABC /* Info.plist */ = {isa = PBXFileReference; lastKnownFileType = text.plist.xml; path = Info.plist; sourceTree = "<group>"; };
		C80D19D22A40DD0200B24ABC /* Book.swift */ = {isa = PBXFileReference; lastKnownFileType = sourcecode.swift; path = Book.swift; sourceTree = "<group>"; };
		C80D19D62A40FEB900B24ABC /* BookTestCollCellCollectionViewCell.swift */ = {isa = PBXFileReference; lastKnownFileType = sourcecode.swift; path = BookTestCollCellCollectionViewCell.swift; sourceTree = "<group>"; };
		C80D19D72A40FEB900B24ABC /* BookTestCollCellCollectionViewCell.xib */ = {isa = PBXFileReference; lastKnownFileType = file.xib; path = BookTestCollCellCollectionViewCell.xib; sourceTree = "<group>"; };
/* End PBXFileReference section */

/* Begin PBXFrameworksBuildPhase section */
		C80D19B82A40CC0500B24ABC /* Frameworks */ = {
			isa = PBXFrameworksBuildPhase;
			buildActionMask = 2147483647;
			files = (
			);
			runOnlyForDeploymentPostprocessing = 0;
		};
/* End PBXFrameworksBuildPhase section */

/* Begin PBXGroup section */
		C80D19B22A40CC0500B24ABC = {
			isa = PBXGroup;
			children = (
				C80D19BD2A40CC0500B24ABC /* ExamenDemo */,
				C80D19BC2A40CC0500B24ABC /* Products */,
			);
			sourceTree = "<group>";
		};
		C80D19BC2A40CC0500B24ABC /* Products */ = {
			isa = PBXGroup;
			children = (
				C80D19BB2A40CC0500B24ABC /* ExamenDemo.app */,
			);
			name = Products;
			sourceTree = "<group>";
		};
		C80D19BD2A40CC0500B24ABC /* ExamenDemo */ = {
			isa = PBXGroup;
			children = (
				C80D19BE2A40CC0500B24ABC /* AppDelegate.swift */,
				C80D19C02A40CC0500B24ABC /* SceneDelegate.swift */,
				C80D19C22A40CC0500B24ABC /* ViewController.swift */,
				C80D19D22A40DD0200B24ABC /* Book.swift */,
				C80D19D62A40FEB900B24ABC /* BookTestCollCellCollectionViewCell.swift */,
				C80D19C42A40CC0500B24ABC /* Main.storyboard */,
				C80D19D72A40FEB900B24ABC /* BookTestCollCellCollectionViewCell.xib */,
				C80D19C72A40CC0700B24ABC /* Assets.xcassets */,
				C80D19C92A40CC0700B24ABC /* LaunchScreen.storyboard */,
				C80D19CC2A40CC0700B24ABC /* Info.plist */,
			);
			path = ExamenDemo;
			sourceTree = "<group>";
		};
/* End PBXGroup section */

/* Begin PBXNativeTarget section */
		C80D19BA2A40CC0500B24ABC /* ExamenDemo */ = {
			isa = PBXNativeTarget;
			buildConfigurationList = C80D19CF2A40CC0700B24ABC /* Build configuration list for PBXNativeTarget "ExamenDemo" */;
			buildPhases = (
				C80D19B72A40CC0500B24ABC /* Sources */,
				C80D19B82A40CC0500B24ABC /* Frameworks */,
				C80D19B92A40CC0500B24ABC /* Resources */,
			);
			buildRules = (
			);
			dependencies = (
			);
			name = ExamenDemo;
			productName = ExamenDemo;
			productReference = C80D19BB2A40CC0500B24ABC /* ExamenDemo.app */;
			productType = "com.apple.product-type.application";
		};
/* End PBXNativeTarget section */

/* Begin PBXProject section */
		C80D19B32A40CC0500B24ABC /* Project object */ = {
			isa = PBXProject;
			attributes = {
				BuildIndependentTargetsInParallel = 1;
				LastSwiftUpdateCheck = 1430;
				LastUpgradeCheck = 1430;
				TargetAttributes = {
					C80D19BA2A40CC0500B24ABC = {
						CreatedOnToolsVersion = 14.3.1;
					};
				};
			};
			buildConfigurationList = C80D19B62A40CC0500B24ABC /* Build configuration list for PBXProject "ExamenDemo" */;
			compatibilityVersion = "Xcode 14.0";
			developmentRegion = en;
			hasScannedForEncodings = 0;
			knownRegions = (
				en,
				Base,
			);
			mainGroup = C80D19B22A40CC0500B24ABC;
			productRefGroup = C80D19BC2A40CC0500B24ABC /* Products */;
			projectDirPath = "";
			projectRoot = "";
			targets = (
				C80D19BA2A40CC0500B24ABC /* ExamenDemo */,
			);
		};
/* End PBXProject section */

/* Begin PBXResourcesBuildPhase section */
		C80D19B92A40CC0500B24ABC /* Resources */ = {
			isa = PBXResourcesBuildPhase;
			buildActionMask = 2147483647;
			files = (
				C80D19CB2A40CC0700B24ABC /* LaunchScreen.storyboard in Resources */,
				C80D19C82A40CC0700B24ABC /* Assets.xcassets in Resources */,
				C80D19C62A40CC0500B24ABC /* Main.storyboard in Resources */,
				C80D19D92A40FEB900B24ABC /* BookTestCollCellCollectionViewCell.xib in Resources */,
			);
			runOnlyForDeploymentPostprocessing = 0;
		};
/* End PBXResourcesBuildPhase section */

/* Begin PBXSourcesBuildPhase section */
		C80D19B72A40CC0500B24ABC /* Sources */ = {
			isa = PBXSourcesBuildPhase;
			buildActionMask = 2147483647;
			files = (
				C80D19D82A40FEB900B24ABC /* BookTestCollCellCollectionViewCell.swift in Sources */,
				C80D19D32A40DD0200B24ABC /* Book.swift in Sources */,
				C80D19C32A40CC0500B24ABC /* ViewController.swift in Sources */,
				C80D19BF2A40CC0500B24ABC /* AppDelegate.swift in Sources */,
				C80D19C12A40CC0500B24ABC /* SceneDelegate.swift in Sources */,
			);
			runOnlyForDeploymentPostprocessing = 0;
		};
/* End PBXSourcesBuildPhase section */

/* Begin PBXVariantGroup section */
		C80D19C42A40CC0500B24ABC /* Main.storyboard */ = {
			isa = PBXVariantGroup;
			children = (
				C80D19C52A40CC0500B24ABC /* Base */,
			);
			name = Main.storyboard;
			sourceTree = "<group>";
		};
		C80D19C92A40CC0700B24ABC /* LaunchScreen.storyboard */ = {
			isa = PBXVariantGroup;
			children = (
				C80D19CA2A40CC0700B24ABC /* Base */,
			);
			name = LaunchScreen.storyboard;
			sourceTree = "<group>";
		};
/* End PBXVariantGroup section */

/* Begin XCBuildConfiguration section */
		C80D19CD2A40CC0700B24ABC /* Debug */ = {
			isa = XCBuildConfiguration;
			buildSettings = {
				ALWAYS_SEARCH_USER_PATHS = NO;
				CLANG_ANALYZER_NONNULL = YES;
				CLANG_ANALYZER_NUMBER_OBJECT_CONVERSION = YES_AGGRESSIVE;
				CLANG_CXX_LANGUAGE_STANDARD = "gnu++20";
				CLANG_ENABLE_MODULES = YES;
				CLANG_ENABLE_OBJC_ARC = YES;
				CLANG_ENABLE_OBJC_WEAK = YES;
				CLANG_WARN_BLOCK_CAPTURE_AUTORELEASING = YES;
				CLANG_WARN_BOOL_CONVERSION = YES;
				CLANG_WARN_COMMA = YES;
				CLANG_WARN_CONSTANT_CONVERSION = YES;
				CLANG_WARN_DEPRECATED_OBJC_IMPLEMENTATIONS = YES;
				CLANG_WARN_DIRECT_OBJC_ISA_USAGE = YES_ERROR;
				CLANG_WARN_DOCUMENTATION_COMMENTS = YES;
				CLANG_WARN_EMPTY_BODY = YES;
				CLANG_WARN_ENUM_CONVERSION = YES;
				CLANG_WARN_INFINITE_RECURSION = YES;
				CLANG_WARN_INT_CONVERSION = YES;
				CLANG_WARN_NON_LITERAL_NULL_CONVERSION = YES;
				CLANG_WARN_OBJC_IMPLICIT_RETAIN_SELF = YES;
				CLANG_WARN_OBJC_LITERAL_CONVERSION = YES;
				CLANG_WARN_OBJC_ROOT_CLASS = YES_ERROR;
				CLANG_WARN_QUOTED_INCLUDE_IN_FRAMEWORK_HEADER = YES;
				CLANG_WARN_RANGE_LOOP_ANALYSIS = YES;
				CLANG_WARN_STRICT_PROTOTYPES = YES;
				CLANG_WARN_SUSPICIOUS_MOVE = YES;
				CLANG_WARN_UNGUARDED_AVAILABILITY = YES_AGGRESSIVE;
				CLANG_WARN_UNREACHABLE_CODE = YES;
				CLANG_WARN__DUPLICATE_METHOD_MATCH = YES;
				COPY_PHASE_STRIP = NO;
				DEBUG_INFORMATION_FORMAT = dwarf;
				ENABLE_STRICT_OBJC_MSGSEND = YES;
				ENABLE_TESTABILITY = YES;
				GCC_C_LANGUAGE_STANDARD = gnu11;
				GCC_DYNAMIC_NO_PIC = NO;
				GCC_NO_COMMON_BLOCKS = YES;
				GCC_OPTIMIZATION_LEVEL = 0;
				GCC_PREPROCESSOR_DEFINITIONS = (
					"DEBUG=1",
					"$(inherited)",
				);
				GCC_WARN_64_TO_32_BIT_CONVERSION = YES;
				GCC_WARN_ABOUT_RETURN_TYPE = YES_ERROR;
				GCC_WARN_UNDECLARED_SELECTOR = YES;
				GCC_WARN_UNINITIALIZED_AUTOS = YES_AGGRESSIVE;
				GCC_WARN_UNUSED_FUNCTION = YES;
				GCC_WARN_UNUSED_VARIABLE = YES;
				IPHONEOS_DEPLOYMENT_TARGET = 16.4;
				MTL_ENABLE_DEBUG_INFO = INCLUDE_SOURCE;
				MTL_FAST_MATH = YES;
				ONLY_ACTIVE_ARCH = YES;
				SDKROOT = iphoneos;
				SWIFT_ACTIVE_COMPILATION_CONDITIONS = DEBUG;
				SWIFT_OPTIMIZATION_LEVEL = "-Onone";
			};
			name = Debug;
		};
		C80D19CE2A40CC0700B24ABC /* Release */ = {
			isa = XCBuildConfiguration;
			buildSettings = {
				ALWAYS_SEARCH_USER_PATHS = NO;
				CLANG_ANALYZER_NONNULL = YES;
				CLANG_ANALYZER_NUMBER_OBJECT_CONVERSION = YES_AGGRESSIVE;
				CLANG_CXX_LANGUAGE_STANDARD = "gnu++20";
				CLANG_ENABLE_MODULES = YES;
				CLANG_ENABLE_OBJC_ARC = YES;
				CLANG_ENABLE_OBJC_WEAK = YES;
				CLANG_WARN_BLOCK_CAPTURE_AUTORELEASING = YES;
				CLANG_WARN_BOOL_CONVERSION = YES;
				CLANG_WARN_COMMA = YES;
				CLANG_WARN_CONSTANT_CONVERSION = YES;
				CLANG_WARN_DEPRECATED_OBJC_IMPLEMENTATIONS = YES;
				CLANG_WARN_DIRECT_OBJC_ISA_USAGE = YES_ERROR;
				CLANG_WARN_DOCUMENTATION_COMMENTS = YES;
				CLANG_WARN_EMPTY_BODY = YES;
				CLANG_WARN_ENUM_CONVERSION = YES;
				CLANG_WARN_INFINITE_RECURSION = YES;
				CLANG_WARN_INT_CONVERSION = YES;
				CLANG_WARN_NON_LITERAL_NULL_CONVERSION = YES;
				CLANG_WARN_OBJC_IMPLICIT_RETAIN_SELF = YES;
				CLANG_WARN_OBJC_LITERAL_CONVERSION = YES;
				CLANG_WARN_OBJC_ROOT_CLASS = YES_ERROR;
				CLANG_WARN_QUOTED_INCLUDE_IN_FRAMEWORK_HEADER = YES;
				CLANG_WARN_RANGE_LOOP_ANALYSIS = YES;
				CLANG_WARN_STRICT_PROTOTYPES = YES;
				CLANG_WARN_SUSPICIOUS_MOVE = YES;
				CLANG_WARN_UNGUARDED_AVAILABILITY = YES_AGGRESSIVE;
				CLANG_WARN_UNREACHABLE_CODE = YES;
				CLANG_WARN__DUPLICATE_METHOD_MATCH = YES;
				COPY_PHASE_STRIP = NO;
				DEBUG_INFORMATION_FORMAT = "dwarf-with-dsym";
				ENABLE_NS_ASSERTIONS = NO;
				ENABLE_STRICT_OBJC_MSGSEND = YES;
				GCC_C_LANGUAGE_STANDARD = gnu11;
				GCC_NO_COMMON_BLOCKS = YES;
				GCC_WARN_64_TO_32_BIT_CONVERSION = YES;
				GCC_WARN_ABOUT_RETURN_TYPE = YES_ERROR;
				GCC_WARN_UNDECLARED_SELECTOR = YES;
				GCC_WARN_UNINITIALIZED_AUTOS = YES_AGGRESSIVE;
				GCC_WARN_UNUSED_FUNCTION = YES;
				GCC_WARN_UNUSED_VARIABLE = YES;
				IPHONEOS_DEPLOYMENT_TARGET = 16.4;
				MTL_ENABLE_DEBUG_INFO = NO;
				MTL_FAST_MATH = YES;
				SDKROOT = iphoneos;
				SWIFT_COMPILATION_MODE = wholemodule;
				SWIFT_OPTIMIZATION_LEVEL = "-O";
				VALIDATE_PRODUCT = YES;
			};
			name = Release;
		};
		C80D19D02A40CC0700B24ABC /* Debug */ = {
			isa = XCBuildConfiguration;
			buildSettings = {
				ASSETCATALOG_COMPILER_APPICON_NAME = AppIcon;
				ASSETCATALOG_COMPILER_GLOBAL_ACCENT_COLOR_NAME = AccentColor;
				CODE_SIGN_STYLE = Automatic;
				CURRENT_PROJECT_VERSION = 1;
				GENERATE_INFOPLIST_FILE = YES;
				INFOPLIST_FILE = ExamenDemo/Info.plist;
				INFOPLIST_KEY_UIApplicationSupportsIndirectInputEvents = YES;
				INFOPLIST_KEY_UILaunchStoryboardName = LaunchScreen;
				INFOPLIST_KEY_UIMainStoryboardFile = Main;
				INFOPLIST_KEY_UISupportedInterfaceOrientations_iPad = "UIInterfaceOrientationPortrait UIInterfaceOrientationPortraitUpsideDown UIInterfaceOrientationLandscapeLeft UIInterfaceOrientationLandscapeRight";
				INFOPLIST_KEY_UISupportedInterfaceOrientations_iPhone = "UIInterfaceOrientationPortrait UIInterfaceOrientationLandscapeLeft UIInterfaceOrientationLandscapeRight";
				LD_RUNPATH_SEARCH_PATHS = (
					"$(inherited)",
					"@executable_path/Frameworks",
				);
				MARKETING_VERSION = 1.0;
				PRODUCT_BUNDLE_IDENTIFIER = com.companyname.ExamenDemo;
				PRODUCT_NAME = "$(TARGET_NAME)";
				SWIFT_EMIT_LOC_STRINGS = YES;
				SWIFT_VERSION = 5.0;
				TARGETED_DEVICE_FAMILY = "1,2";
			};
			name = Debug;
		};
		C80D19D12A40CC0700B24ABC /* Release */ = {
			isa = XCBuildConfiguration;
			buildSettings = {
				ASSETCATALOG_COMPILER_APPICON_NAME = AppIcon;
				ASSETCATALOG_COMPILER_GLOBAL_ACCENT_COLOR_NAME = AccentColor;
				CODE_SIGN_STYLE = Automatic;
				CURRENT_PROJECT_VERSION = 1;
				GENERATE_INFOPLIST_FILE = YES;
				INFOPLIST_FILE = ExamenDemo/Info.plist;
				INFOPLIST_KEY_UIApplicationSupportsIndirectInputEvents = YES;
				INFOPLIST_KEY_UILaunchStoryboardName = LaunchScreen;
				INFOPLIST_KEY_UIMainStoryboardFile = Main;
				INFOPLIST_KEY_UISupportedInterfaceOrientations_iPad = "UIInterfaceOrientationPortrait UIInterfaceOrientationPortraitUpsideDown UIInterfaceOrientationLandscapeLeft UIInterfaceOrientationLandscapeRight";
				INFOPLIST_KEY_UISupportedInterfaceOrientations_iPhone = "UIInterfaceOrientationPortrait UIInterfaceOrientationLandscapeLeft UIInterfaceOrientationLandscapeRight";
				LD_RUNPATH_SEARCH_PATHS = (
					"$(inherited)",
					"@executable_path/Frameworks",
				);
				MARKETING_VERSION = 1.0;
				PRODUCT_BUNDLE_IDENTIFIER = com.companyname.ExamenDemo;
				PRODUCT_NAME = "$(TARGET_NAME)";
				SWIFT_EMIT_LOC_STRINGS = YES;
				SWIFT_VERSION = 5.0;
				TARGETED_DEVICE_FAMILY = "1,2";
			};
			name = Release;
		};
/* End XCBuildConfiguration section */

/* Begin XCConfigurationList section */
		C80D19B62A40CC0500B24ABC /* Build configuration list for PBXProject "ExamenDemo" */ = {
			isa = XCConfigurationList;
			buildConfigurations = (
				C80D19CD2A40CC0700B24ABC /* Debug */,
				C80D19CE2A40CC0700B24ABC /* Release */,
			);
			defaultConfigurationIsVisible = 0;
			defaultConfigurationName = Release;
		};
		C80D19CF2A40CC0700B24ABC /* Build configuration list for PBXNativeTarget "ExamenDemo" */ = {
			isa = XCConfigurationList;
			buildConfigurations = (
				C80D19D02A40CC0700B24ABC /* Debug */,
				C80D19D12A40CC0700B24ABC /* Release */,
			);
			defaultConfigurationIsVisible = 0;
			defaultConfigurationName = Release;
		};
/* End XCConfigurationList section */
	};
	rootObject = C80D19B32A40CC0500B24ABC /* Project object */;
}
